// !$*UTF8*$!
{
	archiveVersion = 1;
	classes = {
	};
	objectVersion = 46;
	objects = {

/* Begin PBXBuildFile section */
		E97115911F5995D900F1ACE9 /* List.swift in Sources */ = {isa = PBXBuildFile; fileRef = E97115901F5995D900F1ACE9 /* List.swift */; };
		E97115931F5996FE00F1ACE9 /* TodoLists.swift in Sources */ = {isa = PBXBuildFile; fileRef = E97115921F5996FE00F1ACE9 /* TodoLists.swift */; };
		E97A82121F55E0E500C1FD2E /* AppDelegate.swift in Sources */ = {isa = PBXBuildFile; fileRef = E97A82111F55E0E500C1FD2E /* AppDelegate.swift */; };
		E97A82141F55E0E500C1FD2E /* ViewController.swift in Sources */ = {isa = PBXBuildFile; fileRef = E97A82131F55E0E500C1FD2E /* ViewController.swift */; };
		E97A82171F55E0E600C1FD2E /* Main.storyboard in Resources */ = {isa = PBXBuildFile; fileRef = E97A82151F55E0E600C1FD2E /* Main.storyboard */; };
		E97A82191F55E0E600C1FD2E /* Assets.xcassets in Resources */ = {isa = PBXBuildFile; fileRef = E97A82181F55E0E600C1FD2E /* Assets.xcassets */; };
		E97A821C1F55E0E600C1FD2E /* LaunchScreen.storyboard in Resources */ = {isa = PBXBuildFile; fileRef = E97A821A1F55E0E600C1FD2E /* LaunchScreen.storyboard */; };
		E9BCF8F01F56B11700E14980 /* TodoList.swift in Sources */ = {isa = PBXBuildFile; fileRef = E9BCF8EF1F56B11700E14980 /* TodoList.swift */; };
/* End PBXBuildFile section */

/* Begin PBXFileReference section */
		E97115901F5995D900F1ACE9 /* List.swift */ = {isa = PBXFileReference; fileEncoding = 4; lastKnownFileType = sourcecode.swift; path = List.swift; sourceTree = "<group>"; };
		E97115921F5996FE00F1ACE9 /* TodoLists.swift */ = {isa = PBXFileReference; fileEncoding = 4; lastKnownFileType = sourcecode.swift; path = TodoLists.swift; sourceTree = "<group>"; };
		E97A820E1F55E0E500C1FD2E /* iToDo.app */ = {isa = PBXFileReference; explicitFileType = wrapper.application; includeInIndex = 0; path = iToDo.app; sourceTree = BUILT_PRODUCTS_DIR; };
		E97A82111F55E0E500C1FD2E /* AppDelegate.swift */ = {isa = PBXFileReference; lastKnownFileType = sourcecode.swift; path = AppDelegate.swift; sourceTree = "<group>"; };
		E97A82131F55E0E500C1FD2E /* ViewController.swift */ = {isa = PBXFileReference; lastKnownFileType = sourcecode.swift; path = ViewController.swift; sourceTree = "<group>"; };
		E97A82161F55E0E600C1FD2E /* Base */ = {isa = PBXFileReference; lastKnownFileType = file.storyboard; name = Base; path = Base.lproj/Main.storyboard; sourceTree = "<group>"; };
		E97A82181F55E0E600C1FD2E /* Assets.xcassets */ = {isa = PBXFileReference; lastKnownFileType = folder.assetcatalog; path = Assets.xcassets; sourceTree = "<group>"; };
		E97A821B1F55E0E600C1FD2E /* Base */ = {isa = PBXFileReference; lastKnownFileType = file.storyboard; name = Base; path = Base.lproj/LaunchScreen.storyboard; sourceTree = "<group>"; };
		E97A821D1F55E0E600C1FD2E /* Info.plist */ = {isa = PBXFileReference; lastKnownFileType = text.plist.xml; path = Info.plist; sourceTree = "<group>"; };
		E9BCF8EF1F56B11700E14980 /* TodoList.swift */ = {isa = PBXFileReference; fileEncoding = 4; lastKnownFileType = sourcecode.swift; path = TodoList.swift; sourceTree = "<group>"; };
/* End PBXFileReference section */

/* Begin PBXFrameworksBuildPhase section */
		E97A820B1F55E0E500C1FD2E /* Frameworks */ = {
			isa = PBXFrameworksBuildPhase;
			buildActionMask = 2147483647;
			files = (
			);
			runOnlyForDeploymentPostprocessing = 0;
		};
/* End PBXFrameworksBuildPhase section */

/* Begin PBXGroup section */
		E97A82051F55E0E500C1FD2E = {
			isa = PBXGroup;
			children = (
				E97A82101F55E0E500C1FD2E /* iToDo */,
				E97A820F1F55E0E500C1FD2E /* Products */,
			);
			sourceTree = "<group>";
		};
		E97A820F1F55E0E500C1FD2E /* Products */ = {
			isa = PBXGroup;
			children = (
				E97A820E1F55E0E500C1FD2E /* iToDo.app */,
			);
			name = Products;
			sourceTree = "<group>";
		};
		E97A82101F55E0E500C1FD2E /* iToDo */ = {
			isa = PBXGroup;
			children = (
				E97A82111F55E0E500C1FD2E /* AppDelegate.swift */,
				E97115901F5995D900F1ACE9 /* List.swift */,
				E97A82131F55E0E500C1FD2E /* ViewController.swift */,
				E97115921F5996FE00F1ACE9 /* TodoLists.swift */,
				E9BCF8EF1F56B11700E14980 /* TodoList.swift */,
				E97A82151F55E0E600C1FD2E /* Main.storyboard */,
				E97A82181F55E0E600C1FD2E /* Assets.xcassets */,
				E97A821A1F55E0E600C1FD2E /* LaunchScreen.storyboard */,
				E97A821D1F55E0E600C1FD2E /* Info.plist */,
			);
			path = iToDo;
			sourceTree = "<group>";
		};
/* End PBXGroup section */

/* Begin PBXNativeTarget section */
		E97A820D1F55E0E500C1FD2E /* iToDo */ = {
			isa = PBXNativeTarget;
			buildConfigurationList = E97A82201F55E0E600C1FD2E /* Build configuration list for PBXNativeTarget "iToDo" */;
			buildPhases = (
				E97A820A1F55E0E500C1FD2E /* Sources */,
				E97A820B1F55E0E500C1FD2E /* Frameworks */,
				E97A820C1F55E0E500C1FD2E /* Resources */,
			);
			buildRules = (
			);
			dependencies = (
			);
			name = iToDo;
			productName = iToDo;
			productReference = E97A820E1F55E0E500C1FD2E /* iToDo.app */;
			productType = "com.apple.product-type.application";
		};
/* End PBXNativeTarget section */

/* Begin PBXProject section */
		E97A82061F55E0E500C1FD2E /* Project object */ = {
			isa = PBXProject;
			attributes = {
				LastSwiftUpdateCheck = 0830;
				LastUpgradeCheck = 0830;
				ORGANIZATIONNAME = "Tomek Buslowski";
				TargetAttributes = {
					E97A820D1F55E0E500C1FD2E = {
						CreatedOnToolsVersion = 8.3.3;
						DevelopmentTeam = 6GGPXF4R3P;
						ProvisioningStyle = Automatic;
					};
				};
			};
			buildConfigurationList = E97A82091F55E0E500C1FD2E /* Build configuration list for PBXProject "iToDo" */;
			compatibilityVersion = "Xcode 3.2";
			developmentRegion = English;
			hasScannedForEncodings = 0;
			knownRegions = (
				en,
				Base,
			);
			mainGroup = E97A82051F55E0E500C1FD2E;
			productRefGroup = E97A820F1F55E0E500C1FD2E /* Products */;
			projectDirPath = "";
			projectRoot = "";
			targets = (
				E97A820D1F55E0E500C1FD2E /* iToDo */,
			);
		};
/* End PBXProject section */

/* Begin PBXResourcesBuildPhase section */
		E97A820C1F55E0E500C1FD2E /* Resources */ = {
			isa = PBXResourcesBuildPhase;
			buildActionMask = 2147483647;
			files = (
				E97A821C1F55E0E600C1FD2E /* LaunchScreen.storyboard in Resources */,
				E97A82191F55E0E600C1FD2E /* Assets.xcassets in Resources */,
				E97A82171F55E0E600C1FD2E /* Main.storyboard in Resources */,
			);
			runOnlyForDeploymentPostprocessing = 0;
		};
/* End PBXResourcesBuildPhase section */

/* Begin PBXSourcesBuildPhase section */
		E97A820A1F55E0E500C1FD2E /* Sources */ = {
			isa = PBXSourcesBuildPhase;
			buildActionMask = 2147483647;
			files = (
				E9BCF8F01F56B11700E14980 /* TodoList.swift in Sources */,
				E97115911F5995D900F1ACE9 /* List.swift in Sources */,
				E97115931F5996FE00F1ACE9 /* TodoLists.swift in Sources */,
				E97A82141F55E0E500C1FD2E /* ViewController.swift in Sources */,
				E97A82121F55E0E500C1FD2E /* AppDelegate.swift in Sources */,
			);
			runOnlyForDeploymentPostprocessing = 0;
		};
/* End PBXSourcesBuildPhase section */

/* Begin PBXVariantGroup section */
		E97A82151F55E0E600C1FD2E /* Main.storyboard */ = {
			isa = PBXVariantGroup;
			children = (
				E97A82161F55E0E600C1FD2E /* Base */,
			);
			name = Main.storyboard;
			sourceTree = "<group>";
		};
		E97A821A1F55E0E600C1FD2E /* LaunchScreen.storyboard */ = {
			isa = PBXVariantGroup;
			children = (
				E97A821B1F55E0E600C1FD2E /* Base */,
			);
			name = LaunchScreen.storyboard;
			sourceTree = "<group>";
		};
/* End PBXVariantGroup section */

/* Begin XCBuildConfiguration section */
		E97A821E1F55E0E600C1FD2E /* Debug */ = {
			isa = XCBuildConfiguration;
			buildSettings = {
				ALWAYS_SEARCH_USER_PATHS = NO;
				CLANG_ANALYZER_NONNULL = YES;
				CLANG_ANALYZER_NUMBER_OBJECT_CONVERSION = YES_AGGRESSIVE;
				CLANG_CXX_LANGUAGE_STANDARD = "gnu++0x";
				CLANG_CXX_LIBRARY = "libc++";
				CLANG_ENABLE_MODULES = YES;
				CLANG_ENABLE_OBJC_ARC = YES;
				CLANG_WARN_BOOL_CONVERSION = YES;
				CLANG_WARN_CONSTANT_CONVERSION = YES;
				CLANG_WARN_DIRECT_OBJC_ISA_USAGE = YES_ERROR;
				CLANG_WARN_DOCUMENTATION_COMMENTS = YES;
				CLANG_WARN_EMPTY_BODY = YES;
				CLANG_WARN_ENUM_CONVERSION = YES;
				CLANG_WARN_INFINITE_RECURSION = YES;
				CLANG_WARN_INT_CONVERSION = YES;
				CLANG_WARN_OBJC_ROOT_CLASS = YES_ERROR;
				CLANG_WARN_SUSPICIOUS_MOVE = YES;
				CLANG_WARN_UNREACHABLE_CODE = YES;
				CLANG_WARN__DUPLICATE_METHOD_MATCH = YES;
				"CODE_SIGN_IDENTITY[sdk=iphoneos*]" = "iPhone Developer";
				COPY_PHASE_STRIP = NO;
				DEBUG_INFORMATION_FORMAT = dwarf;
				ENABLE_STRICT_OBJC_MSGSEND = YES;
				ENABLE_TESTABILITY = YES;
				GCC_C_LANGUAGE_STANDARD = gnu99;
				GCC_DYNAMIC_NO_PIC = NO;
				GCC_NO_COMMON_BLOCKS = YES;
				GCC_OPTIMIZATION_LEVEL = 0;
				GCC_PREPROCESSOR_DEFINITIONS = (
					"DEBUG=1",
					"$(inherited)",
				);
				GCC_WARN_64_TO_32_BIT_CONVERSION = YES;
				GCC_WARN_ABOUT_RETURN_TYPE = YES_ERROR;
				GCC_WARN_UNDECLARED_SELECTOR = YES;
				GCC_WARN_UNINITIALIZED_AUTOS = YES_AGGRESSIVE;
				GCC_WARN_UNUSED_FUNCTION = YES;
				GCC_WARN_UNUSED_VARIABLE = YES;
				IPHONEOS_DEPLOYMENT_TARGET = 10.3;
				MTL_ENABLE_DEBUG_INFO = YES;
				ONLY_ACTIVE_ARCH = YES;
				SDKROOT = iphoneos;
				SWIFT_ACTIVE_COMPILATION_CONDITIONS = DEBUG;
				SWIFT_OPTIMIZATION_LEVEL = "-Onone";
			};
			name = Debug;
		};
		E97A821F1F55E0E600C1FD2E /* Release */ = {
			isa = XCBuildConfiguration;
			buildSettings = {
				ALWAYS_SEARCH_USER_PATHS = NO;
				CLANG_ANALYZER_NONNULL = YES;
				CLANG_ANALYZER_NUMBER_OBJECT_CONVERSION = YES_AGGRESSIVE;
				CLANG_CXX_LANGUAGE_STANDARD = "gnu++0x";
				CLANG_CXX_LIBRARY = "libc++";
				CLANG_ENABLE_MODULES = YES;
				CLANG_ENABLE_OBJC_ARC = YES;
				CLANG_WARN_BOOL_CONVERSION = YES;
				CLANG_WARN_CONSTANT_CONVERSION = YES;
				CLANG_WARN_DIRECT_OBJC_ISA_USAGE = YES_ERROR;
				CLANG_WARN_DOCUMENTATION_COMMENTS = YES;
				CLANG_WARN_EMPTY_BODY = YES;
				CLANG_WARN_ENUM_CONVERSION = YES;
				CLANG_WARN_INFINITE_RECURSION = YES;
				CLANG_WARN_INT_CONVERSION = YES;
				CLANG_WARN_OBJC_ROOT_CLASS = YES_ERROR;
				CLANG_WARN_SUSPICIOUS_MOVE = YES;
				CLANG_WARN_UNREACHABLE_CODE = YES;
				CLANG_WARN__DUPLICATE_METHOD_MATCH = YES;
				"CODE_SIGN_IDENTITY[sdk=iphoneos*]" = "iPhone Developer";
				COPY_PHASE_STRIP = NO;
				DEBUG_INFORMATION_FORMAT = "dwarf-with-dsym";
				ENABLE_NS_ASSERTIONS = NO;
				ENABLE_STRICT_OBJC_MSGSEND = YES;
				GCC_C_LANGUAGE_STANDARD = gnu99;
				GCC_NO_COMMON_BLOCKS = YES;
				GCC_WARN_64_TO_32_BIT_CONVERSION = YES;
				GCC_WARN_ABOUT_RETURN_TYPE = YES_ERROR;
				GCC_WARN_UNDECLARED_SELECTOR = YES;
				GCC_WARN_UNINITIALIZED_AUTOS = YES_AGGRESSIVE;
				GCC_WARN_UNUSED_FUNCTION = YES;
				GCC_WARN_UNUSED_VARIABLE = YES;
				IPHONEOS_DEPLOYMENT_TARGET = 10.3;
				MTL_ENABLE_DEBUG_INFO = NO;
				SDKROOT = iphoneos;
				SWIFT_OPTIMIZATION_LEVEL = "-Owholemodule";
				VALIDATE_PRODUCT = YES;
			};
			name = Release;
		};
		E97A82211F55E0E600C1FD2E /* Debug */ = {
			isa = XCBuildConfiguration;
			buildSettings = {
				ASSETCATALOG_COMPILER_APPICON_NAME = AppIcon;
				DEVELOPMENT_TEAM = 6GGPXF4R3P;
				INFOPLIST_FILE = iToDo/Info.plist;
				LD_RUNPATH_SEARCH_PATHS = "$(inherited) @executable_path/Frameworks";
				PRODUCT_BUNDLE_IDENTIFIER = com.frozensand.iToDo;
				PRODUCT_NAME = "$(TARGET_NAME)";
				SWIFT_VERSION = 3.0;
			};
			name = Debug;
		};
		E97A82221F55E0E600C1FD2E /* Release */ = {
			isa = XCBuildConfiguration;
			buildSettings = {
				ASSETCATALOG_COMPILER_APPICON_NAME = AppIcon;
				DEVELOPMENT_TEAM = 6GGPXF4R3P;
				INFOPLIST_FILE = iToDo/Info.plist;
				LD_RUNPATH_SEARCH_PATHS = "$(inherited) @executable_path/Frameworks";
				PRODUCT_BUNDLE_IDENTIFIER = com.frozensand.iToDo;
				PRODUCT_NAME = "$(TARGET_NAME)";
				SWIFT_VERSION = 3.0;
			};
			name = Release;
		};
/* End XCBuildConfiguration section */

/* Begin XCConfigurationList section */
		E97A82091F55E0E500C1FD2E /* Build configuration list for PBXProject "iToDo" */ = {
			isa = XCConfigurationList;
			buildConfigurations = (
				E97A821E1F55E0E600C1FD2E /* Debug */,
				E97A821F1F55E0E600C1FD2E /* Release */,
			);
			defaultConfigurationIsVisible = 0;
			defaultConfigurationName = Release;
		};
		E97A82201F55E0E600C1FD2E /* Build configuration list for PBXNativeTarget "iToDo" */ = {
			isa = XCConfigurationList;
			buildConfigurations = (
				E97A82211F55E0E600C1FD2E /* Debug */,
				E97A82221F55E0E600C1FD2E /* Release */,
			);
			defaultConfigurationIsVisible = 0;
			defaultConfigurationName = Release;
		};
/* End XCConfigurationList section */
	};
	rootObject = E97A82061F55E0E500C1FD2E /* Project object */;
}
